// !$*UTF8*$!
{
	archiveVersion = 1;
	classes = {
	};
	objectVersion = 56;
	objects = {

/* Begin PBXBuildFile section */
		049E0A0B2BA798D600A4F82A /* MockCoreData.swift in Sources */ = {isa = PBXBuildFile; fileRef = 049E0A0A2BA798D600A4F82A /* MockCoreData.swift */; };
		049E0A0D2BA7994B00A4F82A /* MockPokemonsListNetworkManager.swift in Sources */ = {isa = PBXBuildFile; fileRef = 049E0A0C2BA7994B00A4F82A /* MockPokemonsListNetworkManager.swift */; };
		049E0A102BA79B0A00A4F82A /* MockNetworkBuilder.swift in Sources */ = {isa = PBXBuildFile; fileRef = 049E0A0F2BA79B0A00A4F82A /* MockNetworkBuilder.swift */; };
		049E0A122BA79D2B00A4F82A /* MockPokemonInfoNetworkManager.swift in Sources */ = {isa = PBXBuildFile; fileRef = 049E0A112BA79D2B00A4F82A /* MockPokemonInfoNetworkManager.swift */; };
		8421ABA42BA3C4D100471BD5 /* CusomTableViewCell.swift in Sources */ = {isa = PBXBuildFile; fileRef = 8421ABA32BA3C4D100471BD5 /* CusomTableViewCell.swift */; };
		8421ABA62BA3C58200471BD5 /* UIViewController+Extension.swift in Sources */ = {isa = PBXBuildFile; fileRef = 8421ABA52BA3C58200471BD5 /* UIViewController+Extension.swift */; };
		8421ABA82BA3C66400471BD5 /* ApiController.swift in Sources */ = {isa = PBXBuildFile; fileRef = 8421ABA72BA3C66400471BD5 /* ApiController.swift */; };
		8421ABAA2BA3C68900471BD5 /* NetworkError.swift in Sources */ = {isa = PBXBuildFile; fileRef = 8421ABA92BA3C68900471BD5 /* NetworkError.swift */; };
		8421ABAC2BA3C6E600471BD5 /* String+Extension.swift in Sources */ = {isa = PBXBuildFile; fileRef = 8421ABAB2BA3C6E600471BD5 /* String+Extension.swift */; };
		8421ABAE2BA3C72600471BD5 /* Optional+Extension.swift in Sources */ = {isa = PBXBuildFile; fileRef = 8421ABAD2BA3C72600471BD5 /* Optional+Extension.swift */; };
		8421ABB22BA3CD0700471BD5 /* CDPokemon.xcdatamodeld in Sources */ = {isa = PBXBuildFile; fileRef = 8421ABB02BA3CD0700471BD5 /* CDPokemon.xcdatamodeld */; };
		8421ABB52BA3CDCE00471BD5 /* CoreDataManager.swift in Sources */ = {isa = PBXBuildFile; fileRef = 8421ABB42BA3CDCE00471BD5 /* CoreDataManager.swift */; };
		8421ABB72BA3CE1C00471BD5 /* PokemonInfo.swift in Sources */ = {isa = PBXBuildFile; fileRef = 8421ABB62BA3CE1C00471BD5 /* PokemonInfo.swift */; };
		8421ABB92BA3CE3200471BD5 /* PokemonType.swift in Sources */ = {isa = PBXBuildFile; fileRef = 8421ABB82BA3CE3200471BD5 /* PokemonType.swift */; };
		8421ABBC2BA3CE6E00471BD5 /* PokemonInfoExtended.swift in Sources */ = {isa = PBXBuildFile; fileRef = 8421ABBB2BA3CE6E00471BD5 /* PokemonInfoExtended.swift */; };
		8421ABBE2BA3CEAA00471BD5 /* UIImage+Extension.swift in Sources */ = {isa = PBXBuildFile; fileRef = 8421ABBD2BA3CEAA00471BD5 /* UIImage+Extension.swift */; };
		8421ABC02BA3CF4800471BD5 /* PokemonInfoViewController.swift in Sources */ = {isa = PBXBuildFile; fileRef = 8421ABBF2BA3CF4800471BD5 /* PokemonInfoViewController.swift */; };
		8421ABC22BA3CF6300471BD5 /* PokemonInfoViewModel.swift in Sources */ = {isa = PBXBuildFile; fileRef = 8421ABC12BA3CF6300471BD5 /* PokemonInfoViewModel.swift */; };
		842F7B492BA640F000E95F37 /* InfoViewModelTests.swift in Sources */ = {isa = PBXBuildFile; fileRef = 842F7B482BA640F000E95F37 /* InfoViewModelTests.swift */; };
		842F7B4B2BA7134400E95F37 /* ListViewModelTest.swift in Sources */ = {isa = PBXBuildFile; fileRef = 842F7B4A2BA7134400E95F37 /* ListViewModelTest.swift */; };
		84421D3C2B9F18F0003CDFF9 /* PokemonListViewModel.swift in Sources */ = {isa = PBXBuildFile; fileRef = 84421D3B2B9F18F0003CDFF9 /* PokemonListViewModel.swift */; };
		84421D402B9F3AE3003CDFF9 /* Coordinator.swift in Sources */ = {isa = PBXBuildFile; fileRef = 84421D3F2B9F3AE3003CDFF9 /* Coordinator.swift */; };
		84BDA9172B9F144F0029C69C /* AppDelegate.swift in Sources */ = {isa = PBXBuildFile; fileRef = 84BDA9162B9F144F0029C69C /* AppDelegate.swift */; };
		84BDA91B2B9F144F0029C69C /* PokemonListViewController.swift in Sources */ = {isa = PBXBuildFile; fileRef = 84BDA91A2B9F144F0029C69C /* PokemonListViewController.swift */; };
		84BDA9202B9F14540029C69C /* Assets.xcassets in Resources */ = {isa = PBXBuildFile; fileRef = 84BDA91F2B9F14540029C69C /* Assets.xcassets */; };
		84BDA9232B9F14540029C69C /* LaunchScreen.storyboard in Resources */ = {isa = PBXBuildFile; fileRef = 84BDA9212B9F14540029C69C /* LaunchScreen.storyboard */; };
		84D604812B9FCECF005E5ECB /* PokemonNetworkManager.swift in Sources */ = {isa = PBXBuildFile; fileRef = 84D604802B9FCECF005E5ECB /* PokemonNetworkManager.swift */; };
		84D604852B9FCF31005E5ECB /* PokemonList.swift in Sources */ = {isa = PBXBuildFile; fileRef = 84D604842B9FCF31005E5ECB /* PokemonList.swift */; };
		84D604872B9FCF54005E5ECB /* Pokemon.swift in Sources */ = {isa = PBXBuildFile; fileRef = 84D604862B9FCF54005E5ECB /* Pokemon.swift */; };
		84D6048A2B9FD3E4005E5ECB /* Collection+Extension.swift in Sources */ = {isa = PBXBuildFile; fileRef = 84D604892B9FD3E4005E5ECB /* Collection+Extension.swift */; };
		CC7CD4D0DD6D2D9C46E7E9C6 /* Pods_PokemonApp.framework in Frameworks */ = {isa = PBXBuildFile; fileRef = DE4B00CC0C411A8B058CAEF8 /* Pods_PokemonApp.framework */; };
/* End PBXBuildFile section */

/* Begin PBXContainerItemProxy section */
		842F7B432BA640C400E95F37 /* PBXContainerItemProxy */ = {
			isa = PBXContainerItemProxy;
			containerPortal = 84BDA90B2B9F144E0029C69C /* Project object */;
			proxyType = 1;
			remoteGlobalIDString = 84BDA9122B9F144E0029C69C;
			remoteInfo = PokemonApp;
		};
/* End PBXContainerItemProxy section */

/* Begin PBXFileReference section */
		049E0A0A2BA798D600A4F82A /* MockCoreData.swift */ = {isa = PBXFileReference; lastKnownFileType = sourcecode.swift; path = MockCoreData.swift; sourceTree = "<group>"; };
		049E0A0C2BA7994B00A4F82A /* MockPokemonsListNetworkManager.swift */ = {isa = PBXFileReference; lastKnownFileType = sourcecode.swift; path = MockPokemonsListNetworkManager.swift; sourceTree = "<group>"; };
		049E0A0F2BA79B0A00A4F82A /* MockNetworkBuilder.swift */ = {isa = PBXFileReference; lastKnownFileType = sourcecode.swift; path = MockNetworkBuilder.swift; sourceTree = "<group>"; };
		049E0A112BA79D2B00A4F82A /* MockPokemonInfoNetworkManager.swift */ = {isa = PBXFileReference; lastKnownFileType = sourcecode.swift; path = MockPokemonInfoNetworkManager.swift; sourceTree = "<group>"; };
		8421ABA32BA3C4D100471BD5 /* CusomTableViewCell.swift */ = {isa = PBXFileReference; lastKnownFileType = sourcecode.swift; path = CusomTableViewCell.swift; sourceTree = "<group>"; };
		8421ABA52BA3C58200471BD5 /* UIViewController+Extension.swift */ = {isa = PBXFileReference; lastKnownFileType = sourcecode.swift; path = "UIViewController+Extension.swift"; sourceTree = "<group>"; };
		8421ABA72BA3C66400471BD5 /* ApiController.swift */ = {isa = PBXFileReference; lastKnownFileType = sourcecode.swift; path = ApiController.swift; sourceTree = "<group>"; };
		8421ABA92BA3C68900471BD5 /* NetworkError.swift */ = {isa = PBXFileReference; lastKnownFileType = sourcecode.swift; path = NetworkError.swift; sourceTree = "<group>"; };
		8421ABAB2BA3C6E600471BD5 /* String+Extension.swift */ = {isa = PBXFileReference; lastKnownFileType = sourcecode.swift; path = "String+Extension.swift"; sourceTree = "<group>"; };
		8421ABAD2BA3C72600471BD5 /* Optional+Extension.swift */ = {isa = PBXFileReference; lastKnownFileType = sourcecode.swift; path = "Optional+Extension.swift"; sourceTree = "<group>"; };
		8421ABB12BA3CD0700471BD5 /* CDPokemon.xcdatamodel */ = {isa = PBXFileReference; lastKnownFileType = wrapper.xcdatamodel; path = CDPokemon.xcdatamodel; sourceTree = "<group>"; };
		8421ABB42BA3CDCE00471BD5 /* CoreDataManager.swift */ = {isa = PBXFileReference; lastKnownFileType = sourcecode.swift; path = CoreDataManager.swift; sourceTree = "<group>"; };
		8421ABB62BA3CE1C00471BD5 /* PokemonInfo.swift */ = {isa = PBXFileReference; lastKnownFileType = sourcecode.swift; path = PokemonInfo.swift; sourceTree = "<group>"; };
		8421ABB82BA3CE3200471BD5 /* PokemonType.swift */ = {isa = PBXFileReference; lastKnownFileType = sourcecode.swift; path = PokemonType.swift; sourceTree = "<group>"; };
		8421ABBB2BA3CE6E00471BD5 /* PokemonInfoExtended.swift */ = {isa = PBXFileReference; lastKnownFileType = sourcecode.swift; path = PokemonInfoExtended.swift; sourceTree = "<group>"; };
		8421ABBD2BA3CEAA00471BD5 /* UIImage+Extension.swift */ = {isa = PBXFileReference; lastKnownFileType = sourcecode.swift; path = "UIImage+Extension.swift"; sourceTree = "<group>"; };
		8421ABBF2BA3CF4800471BD5 /* PokemonInfoViewController.swift */ = {isa = PBXFileReference; lastKnownFileType = sourcecode.swift; path = PokemonInfoViewController.swift; sourceTree = "<group>"; };
		8421ABC12BA3CF6300471BD5 /* PokemonInfoViewModel.swift */ = {isa = PBXFileReference; lastKnownFileType = sourcecode.swift; path = PokemonInfoViewModel.swift; sourceTree = "<group>"; };
		842F7B3F2BA640C400E95F37 /* PokemonAppTests.xctest */ = {isa = PBXFileReference; explicitFileType = wrapper.cfbundle; includeInIndex = 0; path = PokemonAppTests.xctest; sourceTree = BUILT_PRODUCTS_DIR; };
		842F7B482BA640F000E95F37 /* InfoViewModelTests.swift */ = {isa = PBXFileReference; lastKnownFileType = sourcecode.swift; path = InfoViewModelTests.swift; sourceTree = "<group>"; };
		842F7B4A2BA7134400E95F37 /* ListViewModelTest.swift */ = {isa = PBXFileReference; lastKnownFileType = sourcecode.swift; path = ListViewModelTest.swift; sourceTree = "<group>"; };
		84421D3B2B9F18F0003CDFF9 /* PokemonListViewModel.swift */ = {isa = PBXFileReference; lastKnownFileType = sourcecode.swift; path = PokemonListViewModel.swift; sourceTree = "<group>"; };
		84421D3D2B9F1CA2003CDFF9 /* .gitignore.md */ = {isa = PBXFileReference; lastKnownFileType = net.daringfireball.markdown; path = .gitignore.md; sourceTree = "<group>"; };
		84421D3F2B9F3AE3003CDFF9 /* Coordinator.swift */ = {isa = PBXFileReference; lastKnownFileType = sourcecode.swift; path = Coordinator.swift; sourceTree = "<group>"; };
		84BDA9132B9F144F0029C69C /* PokemonApp.app */ = {isa = PBXFileReference; explicitFileType = wrapper.application; includeInIndex = 0; path = PokemonApp.app; sourceTree = BUILT_PRODUCTS_DIR; };
		84BDA9162B9F144F0029C69C /* AppDelegate.swift */ = {isa = PBXFileReference; lastKnownFileType = sourcecode.swift; path = AppDelegate.swift; sourceTree = "<group>"; };
		84BDA91A2B9F144F0029C69C /* PokemonListViewController.swift */ = {isa = PBXFileReference; lastKnownFileType = sourcecode.swift; path = PokemonListViewController.swift; sourceTree = "<group>"; };
		84BDA91F2B9F14540029C69C /* Assets.xcassets */ = {isa = PBXFileReference; lastKnownFileType = folder.assetcatalog; path = Assets.xcassets; sourceTree = "<group>"; };
		84BDA9222B9F14540029C69C /* Base */ = {isa = PBXFileReference; lastKnownFileType = file.storyboard; name = Base; path = Base.lproj/LaunchScreen.storyboard; sourceTree = "<group>"; };
		84BDA9242B9F14540029C69C /* Info.plist */ = {isa = PBXFileReference; lastKnownFileType = text.plist.xml; path = Info.plist; sourceTree = "<group>"; };
		84D604802B9FCECF005E5ECB /* PokemonNetworkManager.swift */ = {isa = PBXFileReference; lastKnownFileType = sourcecode.swift; path = PokemonNetworkManager.swift; sourceTree = "<group>"; };
		84D604842B9FCF31005E5ECB /* PokemonList.swift */ = {isa = PBXFileReference; lastKnownFileType = sourcecode.swift; path = PokemonList.swift; sourceTree = "<group>"; };
		84D604862B9FCF54005E5ECB /* Pokemon.swift */ = {isa = PBXFileReference; lastKnownFileType = sourcecode.swift; path = Pokemon.swift; sourceTree = "<group>"; };
		84D604892B9FD3E4005E5ECB /* Collection+Extension.swift */ = {isa = PBXFileReference; lastKnownFileType = sourcecode.swift; path = "Collection+Extension.swift"; sourceTree = "<group>"; };
		DE4B00CC0C411A8B058CAEF8 /* Pods_PokemonApp.framework */ = {isa = PBXFileReference; explicitFileType = wrapper.framework; includeInIndex = 0; path = Pods_PokemonApp.framework; sourceTree = BUILT_PRODUCTS_DIR; };
		E246FA6F9B54B40F8A7773B7 /* Pods-PokemonApp.debug.xcconfig */ = {isa = PBXFileReference; includeInIndex = 1; lastKnownFileType = text.xcconfig; name = "Pods-PokemonApp.debug.xcconfig"; path = "Target Support Files/Pods-PokemonApp/Pods-PokemonApp.debug.xcconfig"; sourceTree = "<group>"; };
		F23BABDD6F02E5469CE6B475 /* Pods-PokemonApp.release.xcconfig */ = {isa = PBXFileReference; includeInIndex = 1; lastKnownFileType = text.xcconfig; name = "Pods-PokemonApp.release.xcconfig"; path = "Target Support Files/Pods-PokemonApp/Pods-PokemonApp.release.xcconfig"; sourceTree = "<group>"; };
/* End PBXFileReference section */

/* Begin PBXFrameworksBuildPhase section */
		842F7B3C2BA640C400E95F37 /* Frameworks */ = {
			isa = PBXFrameworksBuildPhase;
			buildActionMask = 2147483647;
			files = (
			);
			runOnlyForDeploymentPostprocessing = 0;
		};
		84BDA9102B9F144E0029C69C /* Frameworks */ = {
			isa = PBXFrameworksBuildPhase;
			buildActionMask = 2147483647;
			files = (
				CC7CD4D0DD6D2D9C46E7E9C6 /* Pods_PokemonApp.framework in Frameworks */,
			);
			runOnlyForDeploymentPostprocessing = 0;
		};
/* End PBXFrameworksBuildPhase section */

/* Begin PBXGroup section */
		049E0A092BA798C600A4F82A /* Mocks */ = {
			isa = PBXGroup;
			children = (
				049E0A0A2BA798D600A4F82A /* MockCoreData.swift */,
				049E0A0E2BA79AFA00A4F82A /* MockNetworkBuilder */,
			);
			path = Mocks;
			sourceTree = "<group>";
		};
		049E0A0E2BA79AFA00A4F82A /* MockNetworkBuilder */ = {
			isa = PBXGroup;
			children = (
				049E0A0F2BA79B0A00A4F82A /* MockNetworkBuilder.swift */,
				049E0A0C2BA7994B00A4F82A /* MockPokemonsListNetworkManager.swift */,
				049E0A112BA79D2B00A4F82A /* MockPokemonInfoNetworkManager.swift */,
			);
			path = MockNetworkBuilder;
			sourceTree = "<group>";
		};
		8421ABA22BA3C45100471BD5 /* InfoScreen */ = {
			isa = PBXGroup;
			children = (
				842F7B382BA639AE00E95F37 /* View */,
				842F7B372BA6399D00E95F37 /* ViewModel */,
			);
			path = InfoScreen;
			sourceTree = "<group>";
		};
		8421ABAF2BA3CCE700471BD5 /* CoreData */ = {
			isa = PBXGroup;
			children = (
				8421ABB32BA3CDB200471BD5 /* Models */,
				8421ABB42BA3CDCE00471BD5 /* CoreDataManager.swift */,
			);
			path = CoreData;
			sourceTree = "<group>";
		};
		8421ABB32BA3CDB200471BD5 /* Models */ = {
			isa = PBXGroup;
			children = (
				8421ABB02BA3CD0700471BD5 /* CDPokemon.xcdatamodeld */,
			);
			path = Models;
			sourceTree = "<group>";
		};
		8421ABBA2BA3CE5900471BD5 /* Helpers */ = {
			isa = PBXGroup;
			children = (
				8421ABBB2BA3CE6E00471BD5 /* PokemonInfoExtended.swift */,
			);
			path = Helpers;
			sourceTree = "<group>";
		};
		842F7B372BA6399D00E95F37 /* ViewModel */ = {
			isa = PBXGroup;
			children = (
				8421ABC12BA3CF6300471BD5 /* PokemonInfoViewModel.swift */,
			);
			path = ViewModel;
			sourceTree = "<group>";
		};
		842F7B382BA639AE00E95F37 /* View */ = {
			isa = PBXGroup;
			children = (
				8421ABBF2BA3CF4800471BD5 /* PokemonInfoViewController.swift */,
			);
			path = View;
			sourceTree = "<group>";
		};
		842F7B392BA639B800E95F37 /* ViewModel */ = {
			isa = PBXGroup;
			children = (
				84421D3B2B9F18F0003CDFF9 /* PokemonListViewModel.swift */,
			);
			path = ViewModel;
			sourceTree = "<group>";
		};
		842F7B3A2BA639CB00E95F37 /* View */ = {
			isa = PBXGroup;
			children = (
				84BDA91A2B9F144F0029C69C /* PokemonListViewController.swift */,
				8421ABA32BA3C4D100471BD5 /* CusomTableViewCell.swift */,
			);
			path = View;
			sourceTree = "<group>";
		};
		842F7B402BA640C400E95F37 /* PokemonAppTests */ = {
			isa = PBXGroup;
			children = (
				049E0A092BA798C600A4F82A /* Mocks */,
				842F7B482BA640F000E95F37 /* InfoViewModelTests.swift */,
				842F7B4A2BA7134400E95F37 /* ListViewModelTest.swift */,
			);
			path = PokemonAppTests;
			sourceTree = "<group>";
		};
		84421D372B9F17AA003CDFF9 /* Resources */ = {
			isa = PBXGroup;
			children = (
				84BDA9162B9F144F0029C69C /* AppDelegate.swift */,
				84421D392B9F17CC003CDFF9 /* Base */,
				84421D382B9F17B8003CDFF9 /* Assets */,
			);
			path = Resources;
			sourceTree = "<group>";
		};
		84421D382B9F17B8003CDFF9 /* Assets */ = {
			isa = PBXGroup;
			children = (
				84BDA91F2B9F14540029C69C /* Assets.xcassets */,
			);
			path = Assets;
			sourceTree = "<group>";
		};
		84421D392B9F17CC003CDFF9 /* Base */ = {
			isa = PBXGroup;
			children = (
				84BDA9212B9F14540029C69C /* LaunchScreen.storyboard */,
			);
			path = Base;
			sourceTree = "<group>";
		};
		84421D3A2B9F18A0003CDFF9 /* ListScreen */ = {
			isa = PBXGroup;
			children = (
				842F7B3A2BA639CB00E95F37 /* View */,
				842F7B392BA639B800E95F37 /* ViewModel */,
			);
			path = ListScreen;
			sourceTree = "<group>";
		};
		84421D412B9F3AEC003CDFF9 /* Services */ = {
			isa = PBXGroup;
			children = (
				8421ABAF2BA3CCE700471BD5 /* CoreData */,
				84D6047F2B9FCE7A005E5ECB /* Network */,
			);
			path = Services;
			sourceTree = "<group>";
		};
		84BDA90A2B9F144E0029C69C = {
			isa = PBXGroup;
			children = (
				84421D3D2B9F1CA2003CDFF9 /* .gitignore.md */,
				84BDA9152B9F144F0029C69C /* PokemonApp */,
				842F7B402BA640C400E95F37 /* PokemonAppTests */,
				84BDA9142B9F144F0029C69C /* Products */,
				9CEB38F64B92C9B694C79D2D /* Pods */,
				B4157584742CF0129FACA288 /* Frameworks */,
			);
			sourceTree = "<group>";
		};
		84BDA9142B9F144F0029C69C /* Products */ = {
			isa = PBXGroup;
			children = (
				84BDA9132B9F144F0029C69C /* PokemonApp.app */,
				842F7B3F2BA640C400E95F37 /* PokemonAppTests.xctest */,
			);
			name = Products;
			sourceTree = "<group>";
		};
		84BDA9152B9F144F0029C69C /* PokemonApp */ = {
			isa = PBXGroup;
			children = (
				84D604882B9FD3A9005E5ECB /* Extensions */,
				84D604822B9FCF00005E5ECB /* Models */,
				84D604832B9FCF0A005E5ECB /* Modules */,
				84421D372B9F17AA003CDFF9 /* Resources */,
				84421D412B9F3AEC003CDFF9 /* Services */,
				84BDA9242B9F14540029C69C /* Info.plist */,
				84421D3F2B9F3AE3003CDFF9 /* Coordinator.swift */,
			);
			path = PokemonApp;
			sourceTree = "<group>";
		};
		84D6047F2B9FCE7A005E5ECB /* Network */ = {
			isa = PBXGroup;
			children = (
				84D604802B9FCECF005E5ECB /* PokemonNetworkManager.swift */,
				8421ABA72BA3C66400471BD5 /* ApiController.swift */,
				8421ABA92BA3C68900471BD5 /* NetworkError.swift */,
			);
			path = Network;
			sourceTree = "<group>";
		};
		84D604822B9FCF00005E5ECB /* Models */ = {
			isa = PBXGroup;
			children = (
				8421ABBA2BA3CE5900471BD5 /* Helpers */,
				84D604842B9FCF31005E5ECB /* PokemonList.swift */,
				84D604862B9FCF54005E5ECB /* Pokemon.swift */,
				8421ABB62BA3CE1C00471BD5 /* PokemonInfo.swift */,
				8421ABB82BA3CE3200471BD5 /* PokemonType.swift */,
			);
			path = Models;
			sourceTree = "<group>";
		};
		84D604832B9FCF0A005E5ECB /* Modules */ = {
			isa = PBXGroup;
			children = (
				8421ABA22BA3C45100471BD5 /* InfoScreen */,
				84421D3A2B9F18A0003CDFF9 /* ListScreen */,
			);
			path = Modules;
			sourceTree = "<group>";
		};
		84D604882B9FD3A9005E5ECB /* Extensions */ = {
			isa = PBXGroup;
			children = (
				84D604892B9FD3E4005E5ECB /* Collection+Extension.swift */,
				8421ABAD2BA3C72600471BD5 /* Optional+Extension.swift */,
				8421ABAB2BA3C6E600471BD5 /* String+Extension.swift */,
				8421ABA52BA3C58200471BD5 /* UIViewController+Extension.swift */,
				8421ABBD2BA3CEAA00471BD5 /* UIImage+Extension.swift */,
			);
			path = Extensions;
			sourceTree = "<group>";
		};
		9CEB38F64B92C9B694C79D2D /* Pods */ = {
			isa = PBXGroup;
			children = (
				E246FA6F9B54B40F8A7773B7 /* Pods-PokemonApp.debug.xcconfig */,
				F23BABDD6F02E5469CE6B475 /* Pods-PokemonApp.release.xcconfig */,
			);
			path = Pods;
			sourceTree = "<group>";
		};
		B4157584742CF0129FACA288 /* Frameworks */ = {
			isa = PBXGroup;
			children = (
				DE4B00CC0C411A8B058CAEF8 /* Pods_PokemonApp.framework */,
			);
			name = Frameworks;
			sourceTree = "<group>";
		};
/* End PBXGroup section */

/* Begin PBXNativeTarget section */
		842F7B3E2BA640C400E95F37 /* PokemonAppTests */ = {
			isa = PBXNativeTarget;
			buildConfigurationList = 842F7B452BA640C400E95F37 /* Build configuration list for PBXNativeTarget "PokemonAppTests" */;
			buildPhases = (
				842F7B3B2BA640C400E95F37 /* Sources */,
				842F7B3C2BA640C400E95F37 /* Frameworks */,
				842F7B3D2BA640C400E95F37 /* Resources */,
			);
			buildRules = (
			);
			dependencies = (
				842F7B442BA640C400E95F37 /* PBXTargetDependency */,
			);
			name = PokemonAppTests;
			productName = PokemonAppTests;
			productReference = 842F7B3F2BA640C400E95F37 /* PokemonAppTests.xctest */;
			productType = "com.apple.product-type.bundle.unit-test";
		};
		84BDA9122B9F144E0029C69C /* PokemonApp */ = {
			isa = PBXNativeTarget;
			buildConfigurationList = 84BDA9272B9F14540029C69C /* Build configuration list for PBXNativeTarget "PokemonApp" */;
			buildPhases = (
				2368BDE74C6C54CF01A250D8 /* [CP] Check Pods Manifest.lock */,
				84BDA90F2B9F144E0029C69C /* Sources */,
				84BDA9102B9F144E0029C69C /* Frameworks */,
				84BDA9112B9F144E0029C69C /* Resources */,
				0390A5B55E7C6C5E1CA9001F /* [CP] Embed Pods Frameworks */,
			);
			buildRules = (
			);
			dependencies = (
			);
			name = PokemonApp;
			productName = PokemonApp;
			productReference = 84BDA9132B9F144F0029C69C /* PokemonApp.app */;
			productType = "com.apple.product-type.application";
		};
/* End PBXNativeTarget section */

/* Begin PBXProject section */
		84BDA90B2B9F144E0029C69C /* Project object */ = {
			isa = PBXProject;
			attributes = {
				BuildIndependentTargetsInParallel = 1;
				LastSwiftUpdateCheck = 1420;
				LastUpgradeCheck = 1420;
				TargetAttributes = {
					842F7B3E2BA640C400E95F37 = {
						CreatedOnToolsVersion = 14.2;
						TestTargetID = 84BDA9122B9F144E0029C69C;
					};
					84BDA9122B9F144E0029C69C = {
						CreatedOnToolsVersion = 14.2;
					};
				};
			};
			buildConfigurationList = 84BDA90E2B9F144E0029C69C /* Build configuration list for PBXProject "PokemonApp" */;
			compatibilityVersion = "Xcode 14.0";
			developmentRegion = en;
			hasScannedForEncodings = 0;
			knownRegions = (
				en,
				Base,
			);
			mainGroup = 84BDA90A2B9F144E0029C69C;
			productRefGroup = 84BDA9142B9F144F0029C69C /* Products */;
			projectDirPath = "";
			projectRoot = "";
			targets = (
				84BDA9122B9F144E0029C69C /* PokemonApp */,
				842F7B3E2BA640C400E95F37 /* PokemonAppTests */,
			);
		};
/* End PBXProject section */

/* Begin PBXResourcesBuildPhase section */
		842F7B3D2BA640C400E95F37 /* Resources */ = {
			isa = PBXResourcesBuildPhase;
			buildActionMask = 2147483647;
			files = (
			);
			runOnlyForDeploymentPostprocessing = 0;
		};
		84BDA9112B9F144E0029C69C /* Resources */ = {
			isa = PBXResourcesBuildPhase;
			buildActionMask = 2147483647;
			files = (
				84BDA9232B9F14540029C69C /* LaunchScreen.storyboard in Resources */,
				84BDA9202B9F14540029C69C /* Assets.xcassets in Resources */,
			);
			runOnlyForDeploymentPostprocessing = 0;
		};
/* End PBXResourcesBuildPhase section */

/* Begin PBXShellScriptBuildPhase section */
		0390A5B55E7C6C5E1CA9001F /* [CP] Embed Pods Frameworks */ = {
			isa = PBXShellScriptBuildPhase;
			buildActionMask = 2147483647;
			files = (
			);
			inputFileListPaths = (
				"${PODS_ROOT}/Target Support Files/Pods-PokemonApp/Pods-PokemonApp-frameworks-${CONFIGURATION}-input-files.xcfilelist",
			);
			name = "[CP] Embed Pods Frameworks";
			outputFileListPaths = (
				"${PODS_ROOT}/Target Support Files/Pods-PokemonApp/Pods-PokemonApp-frameworks-${CONFIGURATION}-output-files.xcfilelist",
			);
			runOnlyForDeploymentPostprocessing = 0;
			shellPath = /bin/sh;
			shellScript = "\"${PODS_ROOT}/Target Support Files/Pods-PokemonApp/Pods-PokemonApp-frameworks.sh\"\n";
			showEnvVarsInLog = 0;
		};
		2368BDE74C6C54CF01A250D8 /* [CP] Check Pods Manifest.lock */ = {
			isa = PBXShellScriptBuildPhase;
			buildActionMask = 2147483647;
			files = (
			);
			inputFileListPaths = (
			);
			inputPaths = (
				"${PODS_PODFILE_DIR_PATH}/Podfile.lock",
				"${PODS_ROOT}/Manifest.lock",
			);
			name = "[CP] Check Pods Manifest.lock";
			outputFileListPaths = (
			);
			outputPaths = (
				"$(DERIVED_FILE_DIR)/Pods-PokemonApp-checkManifestLockResult.txt",
			);
			runOnlyForDeploymentPostprocessing = 0;
			shellPath = /bin/sh;
			shellScript = "diff \"${PODS_PODFILE_DIR_PATH}/Podfile.lock\" \"${PODS_ROOT}/Manifest.lock\" > /dev/null\nif [ $? != 0 ] ; then\n    # print error to STDERR\n    echo \"error: The sandbox is not in sync with the Podfile.lock. Run 'pod install' or update your CocoaPods installation.\" >&2\n    exit 1\nfi\n# This output is used by Xcode 'outputs' to avoid re-running this script phase.\necho \"SUCCESS\" > \"${SCRIPT_OUTPUT_FILE_0}\"\n";
			showEnvVarsInLog = 0;
		};
/* End PBXShellScriptBuildPhase section */

/* Begin PBXSourcesBuildPhase section */
		842F7B3B2BA640C400E95F37 /* Sources */ = {
			isa = PBXSourcesBuildPhase;
			buildActionMask = 2147483647;
			files = (
				049E0A0B2BA798D600A4F82A /* MockCoreData.swift in Sources */,
				842F7B492BA640F000E95F37 /* InfoViewModelTests.swift in Sources */,
				049E0A0D2BA7994B00A4F82A /* MockPokemonsListNetworkManager.swift in Sources */,
				049E0A102BA79B0A00A4F82A /* MockNetworkBuilder.swift in Sources */,
				049E0A122BA79D2B00A4F82A /* MockPokemonInfoNetworkManager.swift in Sources */,
				842F7B4B2BA7134400E95F37 /* ListViewModelTest.swift in Sources */,
			);
			runOnlyForDeploymentPostprocessing = 0;
		};
		84BDA90F2B9F144E0029C69C /* Sources */ = {
			isa = PBXSourcesBuildPhase;
			buildActionMask = 2147483647;
			files = (
				8421ABBC2BA3CE6E00471BD5 /* PokemonInfoExtended.swift in Sources */,
				84D604872B9FCF54005E5ECB /* Pokemon.swift in Sources */,
				8421ABA42BA3C4D100471BD5 /* CusomTableViewCell.swift in Sources */,
				84D6048A2B9FD3E4005E5ECB /* Collection+Extension.swift in Sources */,
				8421ABA82BA3C66400471BD5 /* ApiController.swift in Sources */,
				84421D402B9F3AE3003CDFF9 /* Coordinator.swift in Sources */,
				84BDA91B2B9F144F0029C69C /* PokemonListViewController.swift in Sources */,
				8421ABBE2BA3CEAA00471BD5 /* UIImage+Extension.swift in Sources */,
				8421ABAC2BA3C6E600471BD5 /* String+Extension.swift in Sources */,
				84D604812B9FCECF005E5ECB /* PokemonNetworkManager.swift in Sources */,
				84421D3C2B9F18F0003CDFF9 /* PokemonListViewModel.swift in Sources */,
				8421ABC02BA3CF4800471BD5 /* PokemonInfoViewController.swift in Sources */,
				8421ABB92BA3CE3200471BD5 /* PokemonType.swift in Sources */,
				84BDA9172B9F144F0029C69C /* AppDelegate.swift in Sources */,
				8421ABAA2BA3C68900471BD5 /* NetworkError.swift in Sources */,
				8421ABB72BA3CE1C00471BD5 /* PokemonInfo.swift in Sources */,
				8421ABB22BA3CD0700471BD5 /* CDPokemon.xcdatamodeld in Sources */,
				8421ABAE2BA3C72600471BD5 /* Optional+Extension.swift in Sources */,
				8421ABA62BA3C58200471BD5 /* UIViewController+Extension.swift in Sources */,
				8421ABB52BA3CDCE00471BD5 /* CoreDataManager.swift in Sources */,
				8421ABC22BA3CF6300471BD5 /* PokemonInfoViewModel.swift in Sources */,
				84D604852B9FCF31005E5ECB /* PokemonList.swift in Sources */,
			);
			runOnlyForDeploymentPostprocessing = 0;
		};
/* End PBXSourcesBuildPhase section */

/* Begin PBXTargetDependency section */
		842F7B442BA640C400E95F37 /* PBXTargetDependency */ = {
			isa = PBXTargetDependency;
			target = 84BDA9122B9F144E0029C69C /* PokemonApp */;
			targetProxy = 842F7B432BA640C400E95F37 /* PBXContainerItemProxy */;
		};
/* End PBXTargetDependency section */

/* Begin PBXVariantGroup section */
		84BDA9212B9F14540029C69C /* LaunchScreen.storyboard */ = {
			isa = PBXVariantGroup;
			children = (
				84BDA9222B9F14540029C69C /* Base */,
			);
			name = LaunchScreen.storyboard;
			sourceTree = "<group>";
		};
/* End PBXVariantGroup section */

/* Begin XCBuildConfiguration section */
		842F7B462BA640C400E95F37 /* Debug */ = {
			isa = XCBuildConfiguration;
			buildSettings = {
				BUNDLE_LOADER = "$(TEST_HOST)";
				CODE_SIGN_STYLE = Automatic;
				CURRENT_PROJECT_VERSION = 1;
				GENERATE_INFOPLIST_FILE = YES;
				MARKETING_VERSION = 1.0;
				PRODUCT_BUNDLE_IDENTIFIER = frstslrk.PokemonAppTests;
				PRODUCT_NAME = "$(TARGET_NAME)";
				SWIFT_EMIT_LOC_STRINGS = NO;
				SWIFT_VERSION = 5.0;
				TARGETED_DEVICE_FAMILY = "1,2";
				TEST_HOST = "$(BUILT_PRODUCTS_DIR)/PokemonApp.app/$(BUNDLE_EXECUTABLE_FOLDER_PATH)/PokemonApp";
			};
			name = Debug;
		};
		842F7B472BA640C400E95F37 /* Release */ = {
			isa = XCBuildConfiguration;
			buildSettings = {
				BUNDLE_LOADER = "$(TEST_HOST)";
				CODE_SIGN_STYLE = Automatic;
				CURRENT_PROJECT_VERSION = 1;
				GENERATE_INFOPLIST_FILE = YES;
				MARKETING_VERSION = 1.0;
				PRODUCT_BUNDLE_IDENTIFIER = frstslrk.PokemonAppTests;
				PRODUCT_NAME = "$(TARGET_NAME)";
				SWIFT_EMIT_LOC_STRINGS = NO;
				SWIFT_VERSION = 5.0;
				TARGETED_DEVICE_FAMILY = "1,2";
				TEST_HOST = "$(BUILT_PRODUCTS_DIR)/PokemonApp.app/$(BUNDLE_EXECUTABLE_FOLDER_PATH)/PokemonApp";
			};
			name = Release;
		};
		84BDA9252B9F14540029C69C /* Debug */ = {
			isa = XCBuildConfiguration;
			buildSettings = {
				ALWAYS_SEARCH_USER_PATHS = NO;
				CLANG_ANALYZER_NONNULL = YES;
				CLANG_ANALYZER_NUMBER_OBJECT_CONVERSION = YES_AGGRESSIVE;
				CLANG_CXX_LANGUAGE_STANDARD = "gnu++20";
				CLANG_ENABLE_MODULES = YES;
				CLANG_ENABLE_OBJC_ARC = YES;
				CLANG_ENABLE_OBJC_WEAK = YES;
				CLANG_WARN_BLOCK_CAPTURE_AUTORELEASING = YES;
				CLANG_WARN_BOOL_CONVERSION = YES;
				CLANG_WARN_COMMA = YES;
				CLANG_WARN_CONSTANT_CONVERSION = YES;
				CLANG_WARN_DEPRECATED_OBJC_IMPLEMENTATIONS = YES;
				CLANG_WARN_DIRECT_OBJC_ISA_USAGE = YES_ERROR;
				CLANG_WARN_DOCUMENTATION_COMMENTS = YES;
				CLANG_WARN_EMPTY_BODY = YES;
				CLANG_WARN_ENUM_CONVERSION = YES;
				CLANG_WARN_INFINITE_RECURSION = YES;
				CLANG_WARN_INT_CONVERSION = YES;
				CLANG_WARN_NON_LITERAL_NULL_CONVERSION = YES;
				CLANG_WARN_OBJC_IMPLICIT_RETAIN_SELF = YES;
				CLANG_WARN_OBJC_LITERAL_CONVERSION = YES;
				CLANG_WARN_OBJC_ROOT_CLASS = YES_ERROR;
				CLANG_WARN_QUOTED_INCLUDE_IN_FRAMEWORK_HEADER = YES;
				CLANG_WARN_RANGE_LOOP_ANALYSIS = YES;
				CLANG_WARN_STRICT_PROTOTYPES = YES;
				CLANG_WARN_SUSPICIOUS_MOVE = YES;
				CLANG_WARN_UNGUARDED_AVAILABILITY = YES_AGGRESSIVE;
				CLANG_WARN_UNREACHABLE_CODE = YES;
				CLANG_WARN__DUPLICATE_METHOD_MATCH = YES;
				COPY_PHASE_STRIP = NO;
				DEBUG_INFORMATION_FORMAT = dwarf;
				ENABLE_STRICT_OBJC_MSGSEND = YES;
				ENABLE_TESTABILITY = YES;
				GCC_C_LANGUAGE_STANDARD = gnu11;
				GCC_DYNAMIC_NO_PIC = NO;
				GCC_NO_COMMON_BLOCKS = YES;
				GCC_OPTIMIZATION_LEVEL = 0;
				GCC_PREPROCESSOR_DEFINITIONS = (
					"DEBUG=1",
					"$(inherited)",
				);
				GCC_WARN_64_TO_32_BIT_CONVERSION = YES;
				GCC_WARN_ABOUT_RETURN_TYPE = YES_ERROR;
				GCC_WARN_UNDECLARED_SELECTOR = YES;
				GCC_WARN_UNINITIALIZED_AUTOS = YES_AGGRESSIVE;
				GCC_WARN_UNUSED_FUNCTION = YES;
				GCC_WARN_UNUSED_VARIABLE = YES;
				IPHONEOS_DEPLOYMENT_TARGET = 16.2;
				MTL_ENABLE_DEBUG_INFO = INCLUDE_SOURCE;
				MTL_FAST_MATH = YES;
				ONLY_ACTIVE_ARCH = YES;
				SDKROOT = iphoneos;
				SWIFT_ACTIVE_COMPILATION_CONDITIONS = DEBUG;
				SWIFT_OPTIMIZATION_LEVEL = "-Onone";
			};
			name = Debug;
		};
		84BDA9262B9F14540029C69C /* Release */ = {
			isa = XCBuildConfiguration;
			buildSettings = {
				ALWAYS_SEARCH_USER_PATHS = NO;
				CLANG_ANALYZER_NONNULL = YES;
				CLANG_ANALYZER_NUMBER_OBJECT_CONVERSION = YES_AGGRESSIVE;
				CLANG_CXX_LANGUAGE_STANDARD = "gnu++20";
				CLANG_ENABLE_MODULES = YES;
				CLANG_ENABLE_OBJC_ARC = YES;
				CLANG_ENABLE_OBJC_WEAK = YES;
				CLANG_WARN_BLOCK_CAPTURE_AUTORELEASING = YES;
				CLANG_WARN_BOOL_CONVERSION = YES;
				CLANG_WARN_COMMA = YES;
				CLANG_WARN_CONSTANT_CONVERSION = YES;
				CLANG_WARN_DEPRECATED_OBJC_IMPLEMENTATIONS = YES;
				CLANG_WARN_DIRECT_OBJC_ISA_USAGE = YES_ERROR;
				CLANG_WARN_DOCUMENTATION_COMMENTS = YES;
				CLANG_WARN_EMPTY_BODY = YES;
				CLANG_WARN_ENUM_CONVERSION = YES;
				CLANG_WARN_INFINITE_RECURSION = YES;
				CLANG_WARN_INT_CONVERSION = YES;
				CLANG_WARN_NON_LITERAL_NULL_CONVERSION = YES;
				CLANG_WARN_OBJC_IMPLICIT_RETAIN_SELF = YES;
				CLANG_WARN_OBJC_LITERAL_CONVERSION = YES;
				CLANG_WARN_OBJC_ROOT_CLASS = YES_ERROR;
				CLANG_WARN_QUOTED_INCLUDE_IN_FRAMEWORK_HEADER = YES;
				CLANG_WARN_RANGE_LOOP_ANALYSIS = YES;
				CLANG_WARN_STRICT_PROTOTYPES = YES;
				CLANG_WARN_SUSPICIOUS_MOVE = YES;
				CLANG_WARN_UNGUARDED_AVAILABILITY = YES_AGGRESSIVE;
				CLANG_WARN_UNREACHABLE_CODE = YES;
				CLANG_WARN__DUPLICATE_METHOD_MATCH = YES;
				COPY_PHASE_STRIP = NO;
				DEBUG_INFORMATION_FORMAT = "dwarf-with-dsym";
				ENABLE_NS_ASSERTIONS = NO;
				ENABLE_STRICT_OBJC_MSGSEND = YES;
				GCC_C_LANGUAGE_STANDARD = gnu11;
				GCC_NO_COMMON_BLOCKS = YES;
				GCC_WARN_64_TO_32_BIT_CONVERSION = YES;
				GCC_WARN_ABOUT_RETURN_TYPE = YES_ERROR;
				GCC_WARN_UNDECLARED_SELECTOR = YES;
				GCC_WARN_UNINITIALIZED_AUTOS = YES_AGGRESSIVE;
				GCC_WARN_UNUSED_FUNCTION = YES;
				GCC_WARN_UNUSED_VARIABLE = YES;
				IPHONEOS_DEPLOYMENT_TARGET = 16.2;
				MTL_ENABLE_DEBUG_INFO = NO;
				MTL_FAST_MATH = YES;
				SDKROOT = iphoneos;
				SWIFT_COMPILATION_MODE = wholemodule;
				SWIFT_OPTIMIZATION_LEVEL = "-O";
				VALIDATE_PRODUCT = YES;
			};
			name = Release;
		};
		84BDA9282B9F14540029C69C /* Debug */ = {
			isa = XCBuildConfiguration;
			baseConfigurationReference = E246FA6F9B54B40F8A7773B7 /* Pods-PokemonApp.debug.xcconfig */;
			buildSettings = {
				ASSETCATALOG_COMPILER_APPICON_NAME = AppIcon;
				ASSETCATALOG_COMPILER_GLOBAL_ACCENT_COLOR_NAME = AccentColor;
				CODE_SIGN_STYLE = Automatic;
				CURRENT_PROJECT_VERSION = 1;
				GENERATE_INFOPLIST_FILE = YES;
				INFOPLIST_FILE = PokemonApp/Info.plist;
				INFOPLIST_KEY_UIApplicationSupportsIndirectInputEvents = YES;
				INFOPLIST_KEY_UILaunchStoryboardName = LaunchScreen;
				INFOPLIST_KEY_UISupportedInterfaceOrientations_iPad = "UIInterfaceOrientationPortrait UIInterfaceOrientationPortraitUpsideDown UIInterfaceOrientationLandscapeLeft UIInterfaceOrientationLandscapeRight";
				INFOPLIST_KEY_UISupportedInterfaceOrientations_iPhone = "UIInterfaceOrientationPortrait UIInterfaceOrientationLandscapeLeft UIInterfaceOrientationLandscapeRight";
				LD_RUNPATH_SEARCH_PATHS = (
					"$(inherited)",
					"@executable_path/Frameworks",
				);
				MARKETING_VERSION = 1.0;
				PRODUCT_BUNDLE_IDENTIFIER = frstslrk.PokemonApp;
				PRODUCT_NAME = "$(TARGET_NAME)";
				SUPPORTED_PLATFORMS = "iphoneos iphonesimulator";
				SUPPORTS_MACCATALYST = NO;
				SUPPORTS_MAC_DESIGNED_FOR_IPHONE_IPAD = NO;
				SWIFT_EMIT_LOC_STRINGS = YES;
				SWIFT_VERSION = 5.0;
				TARGETED_DEVICE_FAMILY = 1;
			};
			name = Debug;
		};
		84BDA9292B9F14540029C69C /* Release */ = {
			isa = XCBuildConfiguration;
			baseConfigurationReference = F23BABDD6F02E5469CE6B475 /* Pods-PokemonApp.release.xcconfig */;
			buildSettings = {
				ASSETCATALOG_COMPILER_APPICON_NAME = AppIcon;
				ASSETCATALOG_COMPILER_GLOBAL_ACCENT_COLOR_NAME = AccentColor;
				CODE_SIGN_STYLE = Automatic;
				CURRENT_PROJECT_VERSION = 1;
				GENERATE_INFOPLIST_FILE = YES;
				INFOPLIST_FILE = PokemonApp/Info.plist;
				INFOPLIST_KEY_UIApplicationSupportsIndirectInputEvents = YES;
				INFOPLIST_KEY_UILaunchStoryboardName = LaunchScreen;
				INFOPLIST_KEY_UISupportedInterfaceOrientations_iPad = "UIInterfaceOrientationPortrait UIInterfaceOrientationPortraitUpsideDown UIInterfaceOrientationLandscapeLeft UIInterfaceOrientationLandscapeRight";
				INFOPLIST_KEY_UISupportedInterfaceOrientations_iPhone = "UIInterfaceOrientationPortrait UIInterfaceOrientationLandscapeLeft UIInterfaceOrientationLandscapeRight";
				LD_RUNPATH_SEARCH_PATHS = (
					"$(inherited)",
					"@executable_path/Frameworks",
				);
				MARKETING_VERSION = 1.0;
				PRODUCT_BUNDLE_IDENTIFIER = frstslrk.PokemonApp;
				PRODUCT_NAME = "$(TARGET_NAME)";
				SUPPORTED_PLATFORMS = "iphoneos iphonesimulator";
				SUPPORTS_MACCATALYST = NO;
				SUPPORTS_MAC_DESIGNED_FOR_IPHONE_IPAD = NO;
				SWIFT_EMIT_LOC_STRINGS = YES;
				SWIFT_VERSION = 5.0;
				TARGETED_DEVICE_FAMILY = 1;
			};
			name = Release;
		};
/* End XCBuildConfiguration section */

/* Begin XCConfigurationList section */
		842F7B452BA640C400E95F37 /* Build configuration list for PBXNativeTarget "PokemonAppTests" */ = {
			isa = XCConfigurationList;
			buildConfigurations = (
				842F7B462BA640C400E95F37 /* Debug */,
				842F7B472BA640C400E95F37 /* Release */,
			);
			defaultConfigurationIsVisible = 0;
			defaultConfigurationName = Release;
		};
		84BDA90E2B9F144E0029C69C /* Build configuration list for PBXProject "PokemonApp" */ = {
			isa = XCConfigurationList;
			buildConfigurations = (
				84BDA9252B9F14540029C69C /* Debug */,
				84BDA9262B9F14540029C69C /* Release */,
			);
			defaultConfigurationIsVisible = 0;
			defaultConfigurationName = Release;
		};
		84BDA9272B9F14540029C69C /* Build configuration list for PBXNativeTarget "PokemonApp" */ = {
			isa = XCConfigurationList;
			buildConfigurations = (
				84BDA9282B9F14540029C69C /* Debug */,
				84BDA9292B9F14540029C69C /* Release */,
			);
			defaultConfigurationIsVisible = 0;
			defaultConfigurationName = Release;
		};
/* End XCConfigurationList section */

/* Begin XCVersionGroup section */
		8421ABB02BA3CD0700471BD5 /* CDPokemon.xcdatamodeld */ = {
			isa = XCVersionGroup;
			children = (
				8421ABB12BA3CD0700471BD5 /* CDPokemon.xcdatamodel */,
			);
			currentVersion = 8421ABB12BA3CD0700471BD5 /* CDPokemon.xcdatamodel */;
			path = CDPokemon.xcdatamodeld;
			sourceTree = "<group>";
			versionGroupType = wrapper.xcdatamodel;
		};
/* End XCVersionGroup section */
	};
	rootObject = 84BDA90B2B9F144E0029C69C /* Project object */;
}
